
Microsoft Visual Studio Solution File, Format Version 12.00
# Visual Studio Version 16
VisualStudioVersion = 16.0.28809.33
MinimumVisualStudioVersion = 10.0.40219.1
Project("{9A19103F-16F7-4668-BE54-9A1E7A4F7556}") = "IoTinker", "IoTinker\IoTinker.csproj", "{D22834C3-F20E-4E64-8539-48C783373F89}"
EndProject
Project("{FAE04EC0-301F-11D3-BF4B-00C04F79EFBC}") = "IoTinker.Core", "IoTinker.Core\IoTinker.Core.csproj", "{C4F74508-50CE-4786-A9E5-17565EE9EE98}"
EndProject
Global
	GlobalSection(SolutionConfigurationPlatforms) = preSolution
		Debug|Any CPU = Debug|Any CPU
		Release|Any CPU = Release|Any CPU
	EndGlobalSection
	GlobalSection(ProjectConfigurationPlatforms) = postSolution
		{D22834C3-F20E-4E64-8539-48C783373F89}.Debug|Any CPU.ActiveCfg = Debug|Any CPU
		{D22834C3-F20E-4E64-8539-48C783373F89}.Debug|Any CPU.Build.0 = Debug|Any CPU
		{D22834C3-F20E-4E64-8539-48C783373F89}.Release|Any CPU.ActiveCfg = Release|Any CPU
		{D22834C3-F20E-4E64-8539-48C783373F89}.Release|Any CPU.Build.0 = Release|Any CPU
		{C4F74508-50CE-4786-A9E5-17565EE9EE98}.Debug|Any CPU.ActiveCfg = Debug|Any CPU
		{C4F74508-50CE-4786-A9E5-17565EE9EE98}.Debug|Any CPU.Build.0 = Debug|Any CPU
		{C4F74508-50CE-4786-A9E5-17565EE9EE98}.Release|Any CPU.ActiveCfg = Release|Any CPU
		{C4F74508-50CE-4786-A9E5-17565EE9EE98}.Release|Any CPU.Build.0 = Release|Any CPU
	EndGlobalSection
	GlobalSection(SolutionProperties) = preSolution
		HideSolutionNode = FALSE
	EndGlobalSection
	GlobalSection(ExtensibilityGlobals) = postSolution
		SolutionGuid = {57CC1917-E202-4389-AD8B-4C64FD0FFB23}
	EndGlobalSection
EndGlobal
